// !$*UTF8*$!
{
	archiveVersion = 1;
	classes = {
	};
	objectVersion = 56;
	objects = {

/* Begin PBXBuildFile section */
		3F02D39E2A190BCB009B0EB6 /* AddAccountModalView.xib in Resources */ = {isa = PBXBuildFile; fileRef = 3F02D39D2A190BCB009B0EB6 /* AddAccountModalView.xib */; };
		3F02D3A02A190BDD009B0EB6 /* AddAccountModalCell.xib in Resources */ = {isa = PBXBuildFile; fileRef = 3F02D39F2A190BDD009B0EB6 /* AddAccountModalCell.xib */; };
		3F02D3A22A190C0C009B0EB6 /* AddAccountModalCell.swift in Sources */ = {isa = PBXBuildFile; fileRef = 3F02D3A12A190C0C009B0EB6 /* AddAccountModalCell.swift */; };
		3F02D3A42A190D66009B0EB6 /* next.png in Resources */ = {isa = PBXBuildFile; fileRef = 3F02D3A32A190D66009B0EB6 /* next.png */; };
		3F02D3A62A191680009B0EB6 /* AddAccountModalViewController.swift in Sources */ = {isa = PBXBuildFile; fileRef = 3F02D3A52A191680009B0EB6 /* AddAccountModalViewController.swift */; };
		3F02D3A92A191881009B0EB6 /* AdsCell.xib in Resources */ = {isa = PBXBuildFile; fileRef = 3F02D3A82A191881009B0EB6 /* AdsCell.xib */; };
		3F02D3AD2A191A8C009B0EB6 /* AdsCell.swift in Sources */ = {isa = PBXBuildFile; fileRef = 3F02D3AC2A191A8C009B0EB6 /* AdsCell.swift */; };
		3F02D3AF2A191E6A009B0EB6 /* AdsInfo.swift in Sources */ = {isa = PBXBuildFile; fileRef = 3F02D3AE2A191E6A009B0EB6 /* AdsInfo.swift */; };
		3F1D512A2A19B2D7004F1A2F /* EtcMainCell.xib in Resources */ = {isa = PBXBuildFile; fileRef = 3F1D51292A19B2D7004F1A2F /* EtcMainCell.xib */; };
		3F1D512C2A19B2EA004F1A2F /* EtcMainCell.swift in Sources */ = {isa = PBXBuildFile; fileRef = 3F1D512B2A19B2EA004F1A2F /* EtcMainCell.swift */; };
		3F1E2AE32A150259004389D4 /* ToastVIew.swift in Sources */ = {isa = PBXBuildFile; fileRef = 3F1E2AE22A150259004389D4 /* ToastVIew.swift */; };
		3F1E2AE72A1504C7004389D4 /* Notification.swift in Sources */ = {isa = PBXBuildFile; fileRef = 3F1E2AE62A1504C7004389D4 /* Notification.swift */; };
		3F1E2AF12A152796004389D4 /* toastClose.png in Resources */ = {isa = PBXBuildFile; fileRef = 3F1E2AF02A152796004389D4 /* toastClose.png */; };
		3F380BD22A11E9AC0028FEB1 /* DataManager.swift in Sources */ = {isa = PBXBuildFile; fileRef = 3F380BD12A11E9AC0028FEB1 /* DataManager.swift */; };
		3F380BD42A11F3E10028FEB1 /* UIColorExtension.swift in Sources */ = {isa = PBXBuildFile; fileRef = 3F380BD32A11F3E10028FEB1 /* UIColorExtension.swift */; };
		3F380BD72A121AC40028FEB1 /* StringExtension.swift in Sources */ = {isa = PBXBuildFile; fileRef = 3F380BD62A121AC40028FEB1 /* StringExtension.swift */; };
		3F44CE6D2A11DC9600D20F91 /* TempNextViewController.swift in Sources */ = {isa = PBXBuildFile; fileRef = 3F44CE6B2A11DC9600D20F91 /* TempNextViewController.swift */; };
		3F44CE6E2A11DC9600D20F91 /* TempNextViewController.xib in Resources */ = {isa = PBXBuildFile; fileRef = 3F44CE6C2A11DC9600D20F91 /* TempNextViewController.xib */; };
		3F50FA022A16D939007288E8 /* Constraints.swift in Sources */ = {isa = PBXBuildFile; fileRef = 3F50FA012A16D939007288E8 /* Constraints.swift */; };
		3F82C5FE2A13BE9E003AE05B /* ColorCell.xib in Resources */ = {isa = PBXBuildFile; fileRef = 3F82C5FD2A13BE9E003AE05B /* ColorCell.xib */; };
		3F82C6022A13C4D0003AE05B /* ColorCell.swift in Sources */ = {isa = PBXBuildFile; fileRef = 3F82C6012A13C4D0003AE05B /* ColorCell.swift */; };
		3F82C6062A13D11C003AE05B /* colorCheck.png in Resources */ = {isa = PBXBuildFile; fileRef = 3F82C6052A13D11C003AE05B /* colorCheck.png */; };
		3F8772042A105F9E00180BED /* AccountOptionView.xib in Resources */ = {isa = PBXBuildFile; fileRef = 3F8772032A105F9E00180BED /* AccountOptionView.xib */; };
		3F8772062A10604400180BED /* AccountNameEditingView.xib in Resources */ = {isa = PBXBuildFile; fileRef = 3F8772052A10604400180BED /* AccountNameEditingView.xib */; };
		3F8772082A1061C500180BED /* close.png in Resources */ = {isa = PBXBuildFile; fileRef = 3F8772072A1061C500180BED /* close.png */; };
		3F87720A2A10666E00180BED /* AccountNameEditingViewController.swift in Sources */ = {isa = PBXBuildFile; fileRef = 3F8772092A10666E00180BED /* AccountNameEditingViewController.swift */; };
		3F87720C2A10668900180BED /* AccountOptionViewController.swift in Sources */ = {isa = PBXBuildFile; fileRef = 3F87720B2A10668900180BED /* AccountOptionViewController.swift */; };
		3F93F83B2A0F07AE00774277 /* AdsModal.xib in Resources */ = {isa = PBXBuildFile; fileRef = 3F93F83A2A0F07AE00774277 /* AdsModal.xib */; };
		3F93F83D2A0F07DD00774277 /* AdsModalViewController.swift in Sources */ = {isa = PBXBuildFile; fileRef = 3F93F83C2A0F07DD00774277 /* AdsModalViewController.swift */; };
		3F93F83F2A0F0DA300774277 /* ads.png in Resources */ = {isa = PBXBuildFile; fileRef = 3F93F83E2A0F0DA300774277 /* ads.png */; };
		5037E7342A09223600257514 /* intro.jpg in Resources */ = {isa = PBXBuildFile; fileRef = 5037E7332A09223600257514 /* intro.jpg */; };
		5037E73B2A09CFE500257514 /* profile.png in Resources */ = {isa = PBXBuildFile; fileRef = 5037E73A2A09CFE500257514 /* profile.png */; };
		505019702A0A858100C08A38 /* TabViewController.swift in Sources */ = {isa = PBXBuildFile; fileRef = 5050196F2A0A858100C08A38 /* TabViewController.swift */; };
		505019722A0A8BEF00C08A38 /* Main.xib in Resources */ = {isa = PBXBuildFile; fileRef = 505019712A0A8BEF00C08A38 /* Main.xib */; };
		505019742A0A8D7A00C08A38 /* Default.storyboard in Resources */ = {isa = PBXBuildFile; fileRef = 505019732A0A8D7A00C08A38 /* Default.storyboard */; };
		505019782A0AFD8000C08A38 /* ServiceViewController.swift in Sources */ = {isa = PBXBuildFile; fileRef = 505019772A0AFD8000C08A38 /* ServiceViewController.swift */; };
		5050197C2A0AFD9F00C08A38 /* SettingsViewController.swift in Sources */ = {isa = PBXBuildFile; fileRef = 5050197B2A0AFD9F00C08A38 /* SettingsViewController.swift */; };
		5050197E2A0AFDEB00C08A38 /* History.xib in Resources */ = {isa = PBXBuildFile; fileRef = 5050197D2A0AFDEB00C08A38 /* History.xib */; };
		505019802A0AFE0000C08A38 /* HistoryViewController.swift in Sources */ = {isa = PBXBuildFile; fileRef = 5050197F2A0AFE0000C08A38 /* HistoryViewController.swift */; };
		505019842A0AFEC300C08A38 /* CommonUitl.swift in Sources */ = {isa = PBXBuildFile; fileRef = 505019832A0AFEC300C08A38 /* CommonUitl.swift */; };
		505019872A0B00FB00C08A38 /* Settings.xib in Resources */ = {isa = PBXBuildFile; fileRef = 505019862A0B00FB00C08A38 /* Settings.xib */; };
		505019892A0B8A0300C08A38 /* Login.xib in Resources */ = {isa = PBXBuildFile; fileRef = 505019882A0B8A0300C08A38 /* Login.xib */; };
		5050198C2A0B8AD800C08A38 /* LoginViewController.swift in Sources */ = {isa = PBXBuildFile; fileRef = 5050198B2A0B8AD800C08A38 /* LoginViewController.swift */; };
		5050198E2A0BB21B00C08A38 /* DeviceUtil.swift in Sources */ = {isa = PBXBuildFile; fileRef = 5050198D2A0BB21B00C08A38 /* DeviceUtil.swift */; };
		505019902A0BB44300C08A38 /* Data.swift in Sources */ = {isa = PBXBuildFile; fileRef = 5050198F2A0BB44300C08A38 /* Data.swift */; };
		505D57112A09156B0047CE1B /* AppDelegate.swift in Sources */ = {isa = PBXBuildFile; fileRef = 505D57102A09156B0047CE1B /* AppDelegate.swift */; };
		505D57132A09156B0047CE1B /* SceneDelegate.swift in Sources */ = {isa = PBXBuildFile; fileRef = 505D57122A09156B0047CE1B /* SceneDelegate.swift */; };
		505D57152A09156B0047CE1B /* MainViewController.swift in Sources */ = {isa = PBXBuildFile; fileRef = 505D57142A09156B0047CE1B /* MainViewController.swift */; };
		505D571A2A09156C0047CE1B /* Assets.xcassets in Resources */ = {isa = PBXBuildFile; fileRef = 505D57192A09156C0047CE1B /* Assets.xcassets */; };
		505D571D2A09156C0047CE1B /* LaunchScreen.storyboard in Resources */ = {isa = PBXBuildFile; fileRef = 505D571B2A09156C0047CE1B /* LaunchScreen.storyboard */; };
		507589302A0BD016007FD385 /* Service.xib in Resources */ = {isa = PBXBuildFile; fileRef = 5075892F2A0BD016007FD385 /* Service.xib */; };
		507589372A0BE8C2007FD385 /* AccountInfo.swift in Sources */ = {isa = PBXBuildFile; fileRef = 507589362A0BE8C2007FD385 /* AccountInfo.swift */; };
		507589522A0C515E007FD385 /* MainType1Cell.xib in Resources */ = {isa = PBXBuildFile; fileRef = 507589512A0C515E007FD385 /* MainType1Cell.xib */; };
		507589562A0C5182007FD385 /* MainType1Cell.swift in Sources */ = {isa = PBXBuildFile; fileRef = 507589552A0C5182007FD385 /* MainType1Cell.swift */; };
		507589582A0D0E76007FD385 /* MainType2Cell.xib in Resources */ = {isa = PBXBuildFile; fileRef = 507589572A0D0E76007FD385 /* MainType2Cell.xib */; };
		5075895A2A0D0E88007FD385 /* MainType2Cell.swift in Sources */ = {isa = PBXBuildFile; fileRef = 507589592A0D0E88007FD385 /* MainType2Cell.swift */; };
		5075895C2A0D0E93007FD385 /* MainType3Cell.xib in Resources */ = {isa = PBXBuildFile; fileRef = 5075895B2A0D0E93007FD385 /* MainType3Cell.xib */; };
		5075895E2A0D0EA3007FD385 /* MainType3Cell.swift in Sources */ = {isa = PBXBuildFile; fileRef = 5075895D2A0D0EA3007FD385 /* MainType3Cell.swift */; };
		507589622A0D1335007FD385 /* more.png in Resources */ = {isa = PBXBuildFile; fileRef = 507589612A0D1335007FD385 /* more.png */; };
		507589642A0D17B6007FD385 /* logo.png in Resources */ = {isa = PBXBuildFile; fileRef = 507589632A0D17B6007FD385 /* logo.png */; };
		507589662A0D19BE007FD385 /* friends.png in Resources */ = {isa = PBXBuildFile; fileRef = 507589652A0D19BE007FD385 /* friends.png */; };
		507589682A0D233A007FD385 /* character.png in Resources */ = {isa = PBXBuildFile; fileRef = 507589672A0D233A007FD385 /* character.png */; };
		5075896A2A0D2EED007FD385 /* product.png in Resources */ = {isa = PBXBuildFile; fileRef = 507589692A0D2EED007FD385 /* product.png */; };
/* End PBXBuildFile section */

/* Begin PBXFileReference section */
		3F02D39D2A190BCB009B0EB6 /* AddAccountModalView.xib */ = {isa = PBXFileReference; lastKnownFileType = file.xib; path = AddAccountModalView.xib; sourceTree = "<group>"; };
		3F02D39F2A190BDD009B0EB6 /* AddAccountModalCell.xib */ = {isa = PBXFileReference; lastKnownFileType = file.xib; path = AddAccountModalCell.xib; sourceTree = "<group>"; };
		3F02D3A12A190C0C009B0EB6 /* AddAccountModalCell.swift */ = {isa = PBXFileReference; lastKnownFileType = sourcecode.swift; path = AddAccountModalCell.swift; sourceTree = "<group>"; };
		3F02D3A32A190D66009B0EB6 /* next.png */ = {isa = PBXFileReference; lastKnownFileType = image.png; path = next.png; sourceTree = "<group>"; };
		3F02D3A52A191680009B0EB6 /* AddAccountModalViewController.swift */ = {isa = PBXFileReference; lastKnownFileType = sourcecode.swift; path = AddAccountModalViewController.swift; sourceTree = "<group>"; };
		3F02D3A82A191881009B0EB6 /* AdsCell.xib */ = {isa = PBXFileReference; lastKnownFileType = file.xib; path = AdsCell.xib; sourceTree = "<group>"; };
		3F02D3AC2A191A8C009B0EB6 /* AdsCell.swift */ = {isa = PBXFileReference; lastKnownFileType = sourcecode.swift; path = AdsCell.swift; sourceTree = "<group>"; };
		3F02D3AE2A191E6A009B0EB6 /* AdsInfo.swift */ = {isa = PBXFileReference; lastKnownFileType = sourcecode.swift; path = AdsInfo.swift; sourceTree = "<group>"; };
		3F1D51292A19B2D7004F1A2F /* EtcMainCell.xib */ = {isa = PBXFileReference; lastKnownFileType = file.xib; path = EtcMainCell.xib; sourceTree = "<group>"; };
		3F1D512B2A19B2EA004F1A2F /* EtcMainCell.swift */ = {isa = PBXFileReference; lastKnownFileType = sourcecode.swift; path = EtcMainCell.swift; sourceTree = "<group>"; };
		3F1E2AE22A150259004389D4 /* ToastVIew.swift */ = {isa = PBXFileReference; lastKnownFileType = sourcecode.swift; path = ToastVIew.swift; sourceTree = "<group>"; };
		3F1E2AE62A1504C7004389D4 /* Notification.swift */ = {isa = PBXFileReference; lastKnownFileType = sourcecode.swift; path = Notification.swift; sourceTree = "<group>"; };
		3F1E2AF02A152796004389D4 /* toastClose.png */ = {isa = PBXFileReference; lastKnownFileType = image.png; path = toastClose.png; sourceTree = "<group>"; };
		3F380BD12A11E9AC0028FEB1 /* DataManager.swift */ = {isa = PBXFileReference; lastKnownFileType = sourcecode.swift; path = DataManager.swift; sourceTree = "<group>"; };
		3F380BD32A11F3E10028FEB1 /* UIColorExtension.swift */ = {isa = PBXFileReference; lastKnownFileType = sourcecode.swift; path = UIColorExtension.swift; sourceTree = "<group>"; };
		3F380BD62A121AC40028FEB1 /* StringExtension.swift */ = {isa = PBXFileReference; lastKnownFileType = sourcecode.swift; path = StringExtension.swift; sourceTree = "<group>"; };
		3F44CE6B2A11DC9600D20F91 /* TempNextViewController.swift */ = {isa = PBXFileReference; lastKnownFileType = sourcecode.swift; path = TempNextViewController.swift; sourceTree = "<group>"; };
		3F44CE6C2A11DC9600D20F91 /* TempNextViewController.xib */ = {isa = PBXFileReference; lastKnownFileType = file.xib; path = TempNextViewController.xib; sourceTree = "<group>"; };
		3F50FA012A16D939007288E8 /* Constraints.swift */ = {isa = PBXFileReference; lastKnownFileType = sourcecode.swift; path = Constraints.swift; sourceTree = "<group>"; };
		3F82C5FD2A13BE9E003AE05B /* ColorCell.xib */ = {isa = PBXFileReference; lastKnownFileType = file.xib; path = ColorCell.xib; sourceTree = "<group>"; };
		3F82C6012A13C4D0003AE05B /* ColorCell.swift */ = {isa = PBXFileReference; lastKnownFileType = sourcecode.swift; path = ColorCell.swift; sourceTree = "<group>"; };
		3F82C6052A13D11C003AE05B /* colorCheck.png */ = {isa = PBXFileReference; lastKnownFileType = image.png; path = colorCheck.png; sourceTree = "<group>"; };
		3F8772032A105F9E00180BED /* AccountOptionView.xib */ = {isa = PBXFileReference; lastKnownFileType = file.xib; path = AccountOptionView.xib; sourceTree = "<group>"; };
		3F8772052A10604400180BED /* AccountNameEditingView.xib */ = {isa = PBXFileReference; lastKnownFileType = file.xib; path = AccountNameEditingView.xib; sourceTree = "<group>"; };
		3F8772072A1061C500180BED /* close.png */ = {isa = PBXFileReference; lastKnownFileType = image.png; path = close.png; sourceTree = "<group>"; };
		3F8772092A10666E00180BED /* AccountNameEditingViewController.swift */ = {isa = PBXFileReference; lastKnownFileType = sourcecode.swift; path = AccountNameEditingViewController.swift; sourceTree = "<group>"; };
		3F87720B2A10668900180BED /* AccountOptionViewController.swift */ = {isa = PBXFileReference; lastKnownFileType = sourcecode.swift; path = AccountOptionViewController.swift; sourceTree = "<group>"; };
		3F93F83A2A0F07AE00774277 /* AdsModal.xib */ = {isa = PBXFileReference; lastKnownFileType = file.xib; path = AdsModal.xib; sourceTree = "<group>"; };
		3F93F83C2A0F07DD00774277 /* AdsModalViewController.swift */ = {isa = PBXFileReference; lastKnownFileType = sourcecode.swift; path = AdsModalViewController.swift; sourceTree = "<group>"; };
		3F93F83E2A0F0DA300774277 /* ads.png */ = {isa = PBXFileReference; lastKnownFileType = image.png; path = ads.png; sourceTree = "<group>"; };
		5037E7332A09223600257514 /* intro.jpg */ = {isa = PBXFileReference; lastKnownFileType = image.jpeg; path = intro.jpg; sourceTree = "<group>"; };
		5037E73A2A09CFE500257514 /* profile.png */ = {isa = PBXFileReference; lastKnownFileType = image.png; path = profile.png; sourceTree = "<group>"; };
		5050196F2A0A858100C08A38 /* TabViewController.swift */ = {isa = PBXFileReference; lastKnownFileType = sourcecode.swift; path = TabViewController.swift; sourceTree = "<group>"; };
		505019712A0A8BEF00C08A38 /* Main.xib */ = {isa = PBXFileReference; lastKnownFileType = file.xib; path = Main.xib; sourceTree = "<group>"; };
		505019732A0A8D7A00C08A38 /* Default.storyboard */ = {isa = PBXFileReference; lastKnownFileType = file.storyboard; path = Default.storyboard; sourceTree = "<group>"; };
		505019772A0AFD8000C08A38 /* ServiceViewController.swift */ = {isa = PBXFileReference; lastKnownFileType = sourcecode.swift; path = ServiceViewController.swift; sourceTree = "<group>"; };
		5050197B2A0AFD9F00C08A38 /* SettingsViewController.swift */ = {isa = PBXFileReference; lastKnownFileType = sourcecode.swift; path = SettingsViewController.swift; sourceTree = "<group>"; };
		5050197D2A0AFDEB00C08A38 /* History.xib */ = {isa = PBXFileReference; lastKnownFileType = file.xib; path = History.xib; sourceTree = "<group>"; };
		5050197F2A0AFE0000C08A38 /* HistoryViewController.swift */ = {isa = PBXFileReference; lastKnownFileType = sourcecode.swift; path = HistoryViewController.swift; sourceTree = "<group>"; };
		505019832A0AFEC300C08A38 /* CommonUitl.swift */ = {isa = PBXFileReference; lastKnownFileType = sourcecode.swift; path = CommonUitl.swift; sourceTree = "<group>"; };
		505019862A0B00FB00C08A38 /* Settings.xib */ = {isa = PBXFileReference; lastKnownFileType = file.xib; path = Settings.xib; sourceTree = "<group>"; };
		505019882A0B8A0300C08A38 /* Login.xib */ = {isa = PBXFileReference; lastKnownFileType = file.xib; path = Login.xib; sourceTree = "<group>"; };
		5050198B2A0B8AD800C08A38 /* LoginViewController.swift */ = {isa = PBXFileReference; lastKnownFileType = sourcecode.swift; path = LoginViewController.swift; sourceTree = "<group>"; };
		5050198D2A0BB21B00C08A38 /* DeviceUtil.swift */ = {isa = PBXFileReference; lastKnownFileType = sourcecode.swift; path = DeviceUtil.swift; sourceTree = "<group>"; };
		5050198F2A0BB44300C08A38 /* Data.swift */ = {isa = PBXFileReference; lastKnownFileType = sourcecode.swift; path = Data.swift; sourceTree = "<group>"; };
		505D570D2A09156B0047CE1B /* task1.app */ = {isa = PBXFileReference; explicitFileType = wrapper.application; includeInIndex = 0; path = task1.app; sourceTree = BUILT_PRODUCTS_DIR; };
		505D57102A09156B0047CE1B /* AppDelegate.swift */ = {isa = PBXFileReference; lastKnownFileType = sourcecode.swift; path = AppDelegate.swift; sourceTree = "<group>"; };
		505D57122A09156B0047CE1B /* SceneDelegate.swift */ = {isa = PBXFileReference; lastKnownFileType = sourcecode.swift; path = SceneDelegate.swift; sourceTree = "<group>"; };
		505D57142A09156B0047CE1B /* MainViewController.swift */ = {isa = PBXFileReference; lastKnownFileType = sourcecode.swift; path = MainViewController.swift; sourceTree = "<group>"; };
		505D57192A09156C0047CE1B /* Assets.xcassets */ = {isa = PBXFileReference; lastKnownFileType = folder.assetcatalog; path = Assets.xcassets; sourceTree = "<group>"; };
		505D571C2A09156C0047CE1B /* Base */ = {isa = PBXFileReference; lastKnownFileType = file.storyboard; name = Base; path = Base.lproj/LaunchScreen.storyboard; sourceTree = "<group>"; };
		505D571E2A09156C0047CE1B /* Info.plist */ = {isa = PBXFileReference; lastKnownFileType = text.plist.xml; path = Info.plist; sourceTree = "<group>"; };
		5075892F2A0BD016007FD385 /* Service.xib */ = {isa = PBXFileReference; lastKnownFileType = file.xib; path = Service.xib; sourceTree = "<group>"; };
		507589362A0BE8C2007FD385 /* AccountInfo.swift */ = {isa = PBXFileReference; lastKnownFileType = sourcecode.swift; path = AccountInfo.swift; sourceTree = "<group>"; };
		507589512A0C515E007FD385 /* MainType1Cell.xib */ = {isa = PBXFileReference; lastKnownFileType = file.xib; path = MainType1Cell.xib; sourceTree = "<group>"; };
		507589552A0C5182007FD385 /* MainType1Cell.swift */ = {isa = PBXFileReference; lastKnownFileType = sourcecode.swift; path = MainType1Cell.swift; sourceTree = "<group>"; };
		507589572A0D0E76007FD385 /* MainType2Cell.xib */ = {isa = PBXFileReference; lastKnownFileType = file.xib; path = MainType2Cell.xib; sourceTree = "<group>"; };
		507589592A0D0E88007FD385 /* MainType2Cell.swift */ = {isa = PBXFileReference; lastKnownFileType = sourcecode.swift; path = MainType2Cell.swift; sourceTree = "<group>"; };
		5075895B2A0D0E93007FD385 /* MainType3Cell.xib */ = {isa = PBXFileReference; lastKnownFileType = file.xib; path = MainType3Cell.xib; sourceTree = "<group>"; };
		5075895D2A0D0EA3007FD385 /* MainType3Cell.swift */ = {isa = PBXFileReference; lastKnownFileType = sourcecode.swift; path = MainType3Cell.swift; sourceTree = "<group>"; };
		507589612A0D1335007FD385 /* more.png */ = {isa = PBXFileReference; lastKnownFileType = image.png; path = more.png; sourceTree = "<group>"; };
		507589632A0D17B6007FD385 /* logo.png */ = {isa = PBXFileReference; lastKnownFileType = image.png; path = logo.png; sourceTree = "<group>"; };
		507589652A0D19BE007FD385 /* friends.png */ = {isa = PBXFileReference; lastKnownFileType = image.png; path = friends.png; sourceTree = "<group>"; };
		507589672A0D233A007FD385 /* character.png */ = {isa = PBXFileReference; lastKnownFileType = image.png; path = character.png; sourceTree = "<group>"; };
		507589692A0D2EED007FD385 /* product.png */ = {isa = PBXFileReference; lastKnownFileType = image.png; path = product.png; sourceTree = "<group>"; };
/* End PBXFileReference section */

/* Begin PBXFrameworksBuildPhase section */
		505D570A2A09156B0047CE1B /* Frameworks */ = {
			isa = PBXFrameworksBuildPhase;
			buildActionMask = 2147483647;
			files = (
			);
			runOnlyForDeploymentPostprocessing = 0;
		};
/* End PBXFrameworksBuildPhase section */

/* Begin PBXGroup section */
		3F02D39C2A190BB0009B0EB6 /* AddAccountModal */ = {
			isa = PBXGroup;
			children = (
				3F02D39D2A190BCB009B0EB6 /* AddAccountModalView.xib */,
				3F02D39F2A190BDD009B0EB6 /* AddAccountModalCell.xib */,
				3F02D3A12A190C0C009B0EB6 /* AddAccountModalCell.swift */,
			);
			path = AddAccountModal;
			sourceTree = "<group>";
		};
		3F02D3A72A191872009B0EB6 /* AdsInTable */ = {
			isa = PBXGroup;
			children = (
				3F02D3A82A191881009B0EB6 /* AdsCell.xib */,
				3F02D3AC2A191A8C009B0EB6 /* AdsCell.swift */,
			);
			path = AdsInTable;
			sourceTree = "<group>";
		};
		3F380BD52A11F6F00028FEB1 /* Extension */ = {
			isa = PBXGroup;
			children = (
				3F380BD32A11F3E10028FEB1 /* UIColorExtension.swift */,
				3F380BD62A121AC40028FEB1 /* StringExtension.swift */,
				3F1E2AE62A1504C7004389D4 /* Notification.swift */,
				3F50FA012A16D939007288E8 /* Constraints.swift */,
			);
			path = Extension;
			sourceTree = "<group>";
		};
		3F44CE6A2A11DC8700D20F91 /* Temp */ = {
			isa = PBXGroup;
			children = (
				3F44CE6B2A11DC9600D20F91 /* TempNextViewController.swift */,
				3F44CE6C2A11DC9600D20F91 /* TempNextViewController.xib */,
			);
			path = Temp;
			sourceTree = "<group>";
		};
		3F8772012A105F5400180BED /* MainGroup */ = {
			isa = PBXGroup;
			children = (
				3F02D3A72A191872009B0EB6 /* AdsInTable */,
				3F02D39C2A190BB0009B0EB6 /* AddAccountModal */,
				505019712A0A8BEF00C08A38 /* Main.xib */,
				507589332A0BE660007FD385 /* MainViewTable */,
				3F93F83A2A0F07AE00774277 /* AdsModal.xib */,
				3F8772032A105F9E00180BED /* AccountOptionView.xib */,
				3F8772052A10604400180BED /* AccountNameEditingView.xib */,
				3F82C5FD2A13BE9E003AE05B /* ColorCell.xib */,
				3F82C6012A13C4D0003AE05B /* ColorCell.swift */,
			);
			path = MainGroup;
			sourceTree = "<group>";
		};
		3F8772022A105F6D00180BED /* MainGroup */ = {
			isa = PBXGroup;
			children = (
				505D57142A09156B0047CE1B /* MainViewController.swift */,
				3F93F83C2A0F07DD00774277 /* AdsModalViewController.swift */,
				3F8772092A10666E00180BED /* AccountNameEditingViewController.swift */,
				3F87720B2A10668900180BED /* AccountOptionViewController.swift */,
				3F02D3A52A191680009B0EB6 /* AddAccountModalViewController.swift */,
			);
			path = MainGroup;
			sourceTree = "<group>";
		};
		5037E72F2A09218400257514 /* assets */ = {
			isa = PBXGroup;
			children = (
				5037E7302A09219500257514 /* img */,
				505D57192A09156C0047CE1B /* Assets.xcassets */,
			);
			path = assets;
			sourceTree = "<group>";
		};
		5037E7302A09219500257514 /* img */ = {
			isa = PBXGroup;
			children = (
				3F02D3A32A190D66009B0EB6 /* next.png */,
				3F1E2AF02A152796004389D4 /* toastClose.png */,
				3F82C6052A13D11C003AE05B /* colorCheck.png */,
				3F8772072A1061C500180BED /* close.png */,
				3F93F83E2A0F0DA300774277 /* ads.png */,
				507589692A0D2EED007FD385 /* product.png */,
				507589672A0D233A007FD385 /* character.png */,
				507589652A0D19BE007FD385 /* friends.png */,
				507589632A0D17B6007FD385 /* logo.png */,
				507589612A0D1335007FD385 /* more.png */,
				5037E73A2A09CFE500257514 /* profile.png */,
				5037E7332A09223600257514 /* intro.jpg */,
			);
			path = img;
			sourceTree = "<group>";
		};
		5037E7352A09C8F400257514 /* View */ = {
			isa = PBXGroup;
			children = (
				505019732A0A8D7A00C08A38 /* Default.storyboard */,
				505D571B2A09156C0047CE1B /* LaunchScreen.storyboard */,
				3F8772012A105F5400180BED /* MainGroup */,
				5075892F2A0BD016007FD385 /* Service.xib */,
				5050197D2A0AFDEB00C08A38 /* History.xib */,
				505019862A0B00FB00C08A38 /* Settings.xib */,
				505019882A0B8A0300C08A38 /* Login.xib */,
				3F1E2AE22A150259004389D4 /* ToastVIew.swift */,
			);
			path = View;
			sourceTree = "<group>";
		};
		5037E7362A09C90300257514 /* Controller */ = {
			isa = PBXGroup;
			children = (
				5050196F2A0A858100C08A38 /* TabViewController.swift */,
				3F8772022A105F6D00180BED /* MainGroup */,
				505019772A0AFD8000C08A38 /* ServiceViewController.swift */,
				5050197F2A0AFE0000C08A38 /* HistoryViewController.swift */,
				5050197B2A0AFD9F00C08A38 /* SettingsViewController.swift */,
				5050198B2A0B8AD800C08A38 /* LoginViewController.swift */,
			);
			path = Controller;
			sourceTree = "<group>";
		};
		5037E7372A09C91B00257514 /* Model */ = {
			isa = PBXGroup;
			children = (
				3F380BD12A11E9AC0028FEB1 /* DataManager.swift */,
				507589362A0BE8C2007FD385 /* AccountInfo.swift */,
				3F02D3AE2A191E6A009B0EB6 /* AdsInfo.swift */,
			);
			path = Model;
			sourceTree = "<group>";
		};
		505019852A0AFECB00C08A38 /* Utilities */ = {
			isa = PBXGroup;
			children = (
				505019832A0AFEC300C08A38 /* CommonUitl.swift */,
				5050198D2A0BB21B00C08A38 /* DeviceUtil.swift */,
				5050198F2A0BB44300C08A38 /* Data.swift */,
			);
			path = Utilities;
			sourceTree = "<group>";
		};
		505D57042A09156B0047CE1B = {
			isa = PBXGroup;
			children = (
				505D570F2A09156B0047CE1B /* task1 */,
				5037E72F2A09218400257514 /* assets */,
				505D570E2A09156B0047CE1B /* Products */,
			);
			sourceTree = "<group>";
		};
		505D570E2A09156B0047CE1B /* Products */ = {
			isa = PBXGroup;
			children = (
				505D570D2A09156B0047CE1B /* task1.app */,
			);
			name = Products;
			sourceTree = "<group>";
		};
		505D570F2A09156B0047CE1B /* task1 */ = {
			isa = PBXGroup;
			children = (
				3F44CE6A2A11DC8700D20F91 /* Temp */,
				505D57102A09156B0047CE1B /* AppDelegate.swift */,
				505D57122A09156B0047CE1B /* SceneDelegate.swift */,
				5037E7362A09C90300257514 /* Controller */,
				5037E7352A09C8F400257514 /* View */,
				5037E7372A09C91B00257514 /* Model */,
				505019852A0AFECB00C08A38 /* Utilities */,
				3F380BD52A11F6F00028FEB1 /* Extension */,
				505D571E2A09156C0047CE1B /* Info.plist */,
			);
			path = task1;
			sourceTree = "<group>";
		};
		507589332A0BE660007FD385 /* MainViewTable */ = {
			isa = PBXGroup;
			children = (
				507589512A0C515E007FD385 /* MainType1Cell.xib */,
				507589552A0C5182007FD385 /* MainType1Cell.swift */,
				507589572A0D0E76007FD385 /* MainType2Cell.xib */,
				507589592A0D0E88007FD385 /* MainType2Cell.swift */,
				5075895B2A0D0E93007FD385 /* MainType3Cell.xib */,
				5075895D2A0D0EA3007FD385 /* MainType3Cell.swift */,
				3F1D51292A19B2D7004F1A2F /* EtcMainCell.xib */,
				3F1D512B2A19B2EA004F1A2F /* EtcMainCell.swift */,
			);
			path = MainViewTable;
			sourceTree = "<group>";
		};
/* End PBXGroup section */

/* Begin PBXNativeTarget section */
		505D570C2A09156B0047CE1B /* task1 */ = {
			isa = PBXNativeTarget;
			buildConfigurationList = 505D57212A09156C0047CE1B /* Build configuration list for PBXNativeTarget "task1" */;
			buildPhases = (
				505D57092A09156B0047CE1B /* Sources */,
				505D570A2A09156B0047CE1B /* Frameworks */,
				505D570B2A09156B0047CE1B /* Resources */,
			);
			buildRules = (
			);
			dependencies = (
			);
			name = task1;
			productName = task1;
			productReference = 505D570D2A09156B0047CE1B /* task1.app */;
			productType = "com.apple.product-type.application";
		};
/* End PBXNativeTarget section */

/* Begin PBXProject section */
		505D57052A09156B0047CE1B /* Project object */ = {
			isa = PBXProject;
			attributes = {
				BuildIndependentTargetsInParallel = 1;
				LastSwiftUpdateCheck = 1410;
				LastUpgradeCheck = 1410;
				TargetAttributes = {
					505D570C2A09156B0047CE1B = {
						CreatedOnToolsVersion = 14.1;
					};
				};
			};
			buildConfigurationList = 505D57082A09156B0047CE1B /* Build configuration list for PBXProject "task1" */;
			compatibilityVersion = "Xcode 14.0";
			developmentRegion = en;
			hasScannedForEncodings = 0;
			knownRegions = (
				en,
				Base,
			);
			mainGroup = 505D57042A09156B0047CE1B;
			productRefGroup = 505D570E2A09156B0047CE1B /* Products */;
			projectDirPath = "";
			projectRoot = "";
			targets = (
				505D570C2A09156B0047CE1B /* task1 */,
			);
		};
/* End PBXProject section */

/* Begin PBXResourcesBuildPhase section */
		505D570B2A09156B0047CE1B /* Resources */ = {
			isa = PBXResourcesBuildPhase;
			buildActionMask = 2147483647;
			files = (
				507589582A0D0E76007FD385 /* MainType2Cell.xib in Resources */,
				507589302A0BD016007FD385 /* Service.xib in Resources */,
				505019872A0B00FB00C08A38 /* Settings.xib in Resources */,
				5037E7342A09223600257514 /* intro.jpg in Resources */,
				3F8772062A10604400180BED /* AccountNameEditingView.xib in Resources */,
				3F02D3A02A190BDD009B0EB6 /* AddAccountModalCell.xib in Resources */,
				5037E73B2A09CFE500257514 /* profile.png in Resources */,
				507589682A0D233A007FD385 /* character.png in Resources */,
				3F82C5FE2A13BE9E003AE05B /* ColorCell.xib in Resources */,
				3F93F83F2A0F0DA300774277 /* ads.png in Resources */,
				3F93F83B2A0F07AE00774277 /* AdsModal.xib in Resources */,
				505D571D2A09156C0047CE1B /* LaunchScreen.storyboard in Resources */,
				505019722A0A8BEF00C08A38 /* Main.xib in Resources */,
				505019742A0A8D7A00C08A38 /* Default.storyboard in Resources */,
				5050197E2A0AFDEB00C08A38 /* History.xib in Resources */,
				507589522A0C515E007FD385 /* MainType1Cell.xib in Resources */,
				3F02D3A42A190D66009B0EB6 /* next.png in Resources */,
				5075895C2A0D0E93007FD385 /* MainType3Cell.xib in Resources */,
				507589622A0D1335007FD385 /* more.png in Resources */,
				3F82C6062A13D11C003AE05B /* colorCheck.png in Resources */,
				3F02D3A92A191881009B0EB6 /* AdsCell.xib in Resources */,
				507589642A0D17B6007FD385 /* logo.png in Resources */,
				3F44CE6E2A11DC9600D20F91 /* TempNextViewController.xib in Resources */,
				3F8772082A1061C500180BED /* close.png in Resources */,
				5075896A2A0D2EED007FD385 /* product.png in Resources */,
				3F02D39E2A190BCB009B0EB6 /* AddAccountModalView.xib in Resources */,
				507589662A0D19BE007FD385 /* friends.png in Resources */,
				3F8772042A105F9E00180BED /* AccountOptionView.xib in Resources */,
				505D571A2A09156C0047CE1B /* Assets.xcassets in Resources */,
				3F1E2AF12A152796004389D4 /* toastClose.png in Resources */,
				505019892A0B8A0300C08A38 /* Login.xib in Resources */,
				3F1D512A2A19B2D7004F1A2F /* EtcMainCell.xib in Resources */,
			);
			runOnlyForDeploymentPostprocessing = 0;
		};
/* End PBXResourcesBuildPhase section */

/* Begin PBXSourcesBuildPhase section */
		505D57092A09156B0047CE1B /* Sources */ = {
			isa = PBXSourcesBuildPhase;
			buildActionMask = 2147483647;
			files = (
				5050198C2A0B8AD800C08A38 /* LoginViewController.swift in Sources */,
				505019702A0A858100C08A38 /* TabViewController.swift in Sources */,
				505D57152A09156B0047CE1B /* MainViewController.swift in Sources */,
				3F93F83D2A0F07DD00774277 /* AdsModalViewController.swift in Sources */,
				3F02D3A62A191680009B0EB6 /* AddAccountModalViewController.swift in Sources */,
				3F50FA022A16D939007288E8 /* Constraints.swift in Sources */,
				3F380BD42A11F3E10028FEB1 /* UIColorExtension.swift in Sources */,
				3F44CE6D2A11DC9600D20F91 /* TempNextViewController.swift in Sources */,
				507589562A0C5182007FD385 /* MainType1Cell.swift in Sources */,
				3F02D3AD2A191A8C009B0EB6 /* AdsCell.swift in Sources */,
				5050198E2A0BB21B00C08A38 /* DeviceUtil.swift in Sources */,
				3F87720A2A10666E00180BED /* AccountNameEditingViewController.swift in Sources */,
				3F1D512C2A19B2EA004F1A2F /* EtcMainCell.swift in Sources */,
				3F02D3A22A190C0C009B0EB6 /* AddAccountModalCell.swift in Sources */,
				5075895A2A0D0E88007FD385 /* MainType2Cell.swift in Sources */,
				3F02D3AF2A191E6A009B0EB6 /* AdsInfo.swift in Sources */,
				505019902A0BB44300C08A38 /* Data.swift in Sources */,
				3F1E2AE72A1504C7004389D4 /* Notification.swift in Sources */,
				505019842A0AFEC300C08A38 /* CommonUitl.swift in Sources */,
				507589372A0BE8C2007FD385 /* AccountInfo.swift in Sources */,
				5050197C2A0AFD9F00C08A38 /* SettingsViewController.swift in Sources */,
				505D57112A09156B0047CE1B /* AppDelegate.swift in Sources */,
				505019782A0AFD8000C08A38 /* ServiceViewController.swift in Sources */,
				3F82C6022A13C4D0003AE05B /* ColorCell.swift in Sources */,
				505019802A0AFE0000C08A38 /* HistoryViewController.swift in Sources */,
				5075895E2A0D0EA3007FD385 /* MainType3Cell.swift in Sources */,
				3F380BD22A11E9AC0028FEB1 /* DataManager.swift in Sources */,
				505D57132A09156B0047CE1B /* SceneDelegate.swift in Sources */,
				3F1E2AE32A150259004389D4 /* ToastVIew.swift in Sources */,
				3F380BD72A121AC40028FEB1 /* StringExtension.swift in Sources */,
				3F87720C2A10668900180BED /* AccountOptionViewController.swift in Sources */,
			);
			runOnlyForDeploymentPostprocessing = 0;
		};
/* End PBXSourcesBuildPhase section */

/* Begin PBXVariantGroup section */
		505D571B2A09156C0047CE1B /* LaunchScreen.storyboard */ = {
			isa = PBXVariantGroup;
			children = (
				505D571C2A09156C0047CE1B /* Base */,
			);
			name = LaunchScreen.storyboard;
			sourceTree = "<group>";
		};
/* End PBXVariantGroup section */

/* Begin XCBuildConfiguration section */
		505D571F2A09156C0047CE1B /* Debug */ = {
			isa = XCBuildConfiguration;
			buildSettings = {
				ALWAYS_SEARCH_USER_PATHS = NO;
				CLANG_ANALYZER_NONNULL = YES;
				CLANG_ANALYZER_NUMBER_OBJECT_CONVERSION = YES_AGGRESSIVE;
				CLANG_CXX_LANGUAGE_STANDARD = "gnu++20";
				CLANG_ENABLE_MODULES = YES;
				CLANG_ENABLE_OBJC_ARC = YES;
				CLANG_ENABLE_OBJC_WEAK = YES;
				CLANG_WARN_BLOCK_CAPTURE_AUTORELEASING = YES;
				CLANG_WARN_BOOL_CONVERSION = YES;
				CLANG_WARN_COMMA = YES;
				CLANG_WARN_CONSTANT_CONVERSION = YES;
				CLANG_WARN_DEPRECATED_OBJC_IMPLEMENTATIONS = YES;
				CLANG_WARN_DIRECT_OBJC_ISA_USAGE = YES_ERROR;
				CLANG_WARN_DOCUMENTATION_COMMENTS = YES;
				CLANG_WARN_EMPTY_BODY = YES;
				CLANG_WARN_ENUM_CONVERSION = YES;
				CLANG_WARN_INFINITE_RECURSION = YES;
				CLANG_WARN_INT_CONVERSION = YES;
				CLANG_WARN_NON_LITERAL_NULL_CONVERSION = YES;
				CLANG_WARN_OBJC_IMPLICIT_RETAIN_SELF = YES;
				CLANG_WARN_OBJC_LITERAL_CONVERSION = YES;
				CLANG_WARN_OBJC_ROOT_CLASS = YES_ERROR;
				CLANG_WARN_QUOTED_INCLUDE_IN_FRAMEWORK_HEADER = YES;
				CLANG_WARN_RANGE_LOOP_ANALYSIS = YES;
				CLANG_WARN_STRICT_PROTOTYPES = YES;
				CLANG_WARN_SUSPICIOUS_MOVE = YES;
				CLANG_WARN_UNGUARDED_AVAILABILITY = YES_AGGRESSIVE;
				CLANG_WARN_UNREACHABLE_CODE = YES;
				CLANG_WARN__DUPLICATE_METHOD_MATCH = YES;
				COPY_PHASE_STRIP = NO;
				DEBUG_INFORMATION_FORMAT = dwarf;
				ENABLE_STRICT_OBJC_MSGSEND = YES;
				ENABLE_TESTABILITY = YES;
				GCC_C_LANGUAGE_STANDARD = gnu11;
				GCC_DYNAMIC_NO_PIC = NO;
				GCC_NO_COMMON_BLOCKS = YES;
				GCC_OPTIMIZATION_LEVEL = 0;
				GCC_PREPROCESSOR_DEFINITIONS = (
					"DEBUG=1",
					"$(inherited)",
				);
				GCC_WARN_64_TO_32_BIT_CONVERSION = YES;
				GCC_WARN_ABOUT_RETURN_TYPE = YES_ERROR;
				GCC_WARN_UNDECLARED_SELECTOR = YES;
				GCC_WARN_UNINITIALIZED_AUTOS = YES_AGGRESSIVE;
				GCC_WARN_UNUSED_FUNCTION = YES;
				GCC_WARN_UNUSED_VARIABLE = YES;
				IPHONEOS_DEPLOYMENT_TARGET = 16.1;
				MTL_ENABLE_DEBUG_INFO = INCLUDE_SOURCE;
				MTL_FAST_MATH = YES;
				ONLY_ACTIVE_ARCH = YES;
				SDKROOT = iphoneos;
				SWIFT_ACTIVE_COMPILATION_CONDITIONS = DEBUG;
				SWIFT_OPTIMIZATION_LEVEL = "-Onone";
			};
			name = Debug;
		};
		505D57202A09156C0047CE1B /* Release */ = {
			isa = XCBuildConfiguration;
			buildSettings = {
				ALWAYS_SEARCH_USER_PATHS = NO;
				CLANG_ANALYZER_NONNULL = YES;
				CLANG_ANALYZER_NUMBER_OBJECT_CONVERSION = YES_AGGRESSIVE;
				CLANG_CXX_LANGUAGE_STANDARD = "gnu++20";
				CLANG_ENABLE_MODULES = YES;
				CLANG_ENABLE_OBJC_ARC = YES;
				CLANG_ENABLE_OBJC_WEAK = YES;
				CLANG_WARN_BLOCK_CAPTURE_AUTORELEASING = YES;
				CLANG_WARN_BOOL_CONVERSION = YES;
				CLANG_WARN_COMMA = YES;
				CLANG_WARN_CONSTANT_CONVERSION = YES;
				CLANG_WARN_DEPRECATED_OBJC_IMPLEMENTATIONS = YES;
				CLANG_WARN_DIRECT_OBJC_ISA_USAGE = YES_ERROR;
				CLANG_WARN_DOCUMENTATION_COMMENTS = YES;
				CLANG_WARN_EMPTY_BODY = YES;
				CLANG_WARN_ENUM_CONVERSION = YES;
				CLANG_WARN_INFINITE_RECURSION = YES;
				CLANG_WARN_INT_CONVERSION = YES;
				CLANG_WARN_NON_LITERAL_NULL_CONVERSION = YES;
				CLANG_WARN_OBJC_IMPLICIT_RETAIN_SELF = YES;
				CLANG_WARN_OBJC_LITERAL_CONVERSION = YES;
				CLANG_WARN_OBJC_ROOT_CLASS = YES_ERROR;
				CLANG_WARN_QUOTED_INCLUDE_IN_FRAMEWORK_HEADER = YES;
				CLANG_WARN_RANGE_LOOP_ANALYSIS = YES;
				CLANG_WARN_STRICT_PROTOTYPES = YES;
				CLANG_WARN_SUSPICIOUS_MOVE = YES;
				CLANG_WARN_UNGUARDED_AVAILABILITY = YES_AGGRESSIVE;
				CLANG_WARN_UNREACHABLE_CODE = YES;
				CLANG_WARN__DUPLICATE_METHOD_MATCH = YES;
				COPY_PHASE_STRIP = NO;
				DEBUG_INFORMATION_FORMAT = "dwarf-with-dsym";
				ENABLE_NS_ASSERTIONS = NO;
				ENABLE_STRICT_OBJC_MSGSEND = YES;
				GCC_C_LANGUAGE_STANDARD = gnu11;
				GCC_NO_COMMON_BLOCKS = YES;
				GCC_WARN_64_TO_32_BIT_CONVERSION = YES;
				GCC_WARN_ABOUT_RETURN_TYPE = YES_ERROR;
				GCC_WARN_UNDECLARED_SELECTOR = YES;
				GCC_WARN_UNINITIALIZED_AUTOS = YES_AGGRESSIVE;
				GCC_WARN_UNUSED_FUNCTION = YES;
				GCC_WARN_UNUSED_VARIABLE = YES;
				IPHONEOS_DEPLOYMENT_TARGET = 16.1;
				MTL_ENABLE_DEBUG_INFO = NO;
				MTL_FAST_MATH = YES;
				SDKROOT = iphoneos;
				SWIFT_COMPILATION_MODE = wholemodule;
				SWIFT_OPTIMIZATION_LEVEL = "-O";
				VALIDATE_PRODUCT = YES;
			};
			name = Release;
		};
		505D57222A09156C0047CE1B /* Debug */ = {
			isa = XCBuildConfiguration;
			buildSettings = {
				ASSETCATALOG_COMPILER_APPICON_NAME = AppIcon;
				ASSETCATALOG_COMPILER_GLOBAL_ACCENT_COLOR_NAME = AccentColor;
				CODE_SIGN_STYLE = Automatic;
				CURRENT_PROJECT_VERSION = 1;
				DEVELOPMENT_TEAM = 64N9U2RCB4;
				GENERATE_INFOPLIST_FILE = YES;
				INFOPLIST_FILE = task1/Info.plist;
				INFOPLIST_KEY_UIApplicationSupportsIndirectInputEvents = YES;
				INFOPLIST_KEY_UILaunchStoryboardName = LaunchScreen.storyboard;
				INFOPLIST_KEY_UIMainStoryboardFile = Default;
				INFOPLIST_KEY_UISupportedInterfaceOrientations = UIInterfaceOrientationPortrait;
				INFOPLIST_KEY_UISupportedInterfaceOrientations_iPad = "UIInterfaceOrientationLandscapeLeft UIInterfaceOrientationLandscapeRight UIInterfaceOrientationPortrait UIInterfaceOrientationPortraitUpsideDown";
				IPHONEOS_DEPLOYMENT_TARGET = 14.0;
				LD_RUNPATH_SEARCH_PATHS = (
					"$(inherited)",
					"@executable_path/Frameworks",
				);
				MARKETING_VERSION = 1.0;
				PRODUCT_BUNDLE_IDENTIFIER = com.jingii.task1;
				PRODUCT_NAME = "$(TARGET_NAME)";
				SUPPORTED_PLATFORMS = "iphoneos iphonesimulator";
				SUPPORTS_MACCATALYST = NO;
				SUPPORTS_MAC_DESIGNED_FOR_IPHONE_IPAD = NO;
				SWIFT_EMIT_LOC_STRINGS = YES;
				SWIFT_VERSION = 5.0;
				TARGETED_DEVICE_FAMILY = 1;
			};
			name = Debug;
		};
		505D57232A09156C0047CE1B /* Release */ = {
			isa = XCBuildConfiguration;
			buildSettings = {
				ASSETCATALOG_COMPILER_APPICON_NAME = AppIcon;
				ASSETCATALOG_COMPILER_GLOBAL_ACCENT_COLOR_NAME = AccentColor;
				CODE_SIGN_STYLE = Automatic;
				CURRENT_PROJECT_VERSION = 1;
				DEVELOPMENT_TEAM = 64N9U2RCB4;
				GENERATE_INFOPLIST_FILE = YES;
				INFOPLIST_FILE = task1/Info.plist;
				INFOPLIST_KEY_UIApplicationSupportsIndirectInputEvents = YES;
				INFOPLIST_KEY_UILaunchStoryboardName = LaunchScreen.storyboard;
				INFOPLIST_KEY_UIMainStoryboardFile = Default;
				INFOPLIST_KEY_UISupportedInterfaceOrientations = UIInterfaceOrientationPortrait;
				INFOPLIST_KEY_UISupportedInterfaceOrientations_iPad = "UIInterfaceOrientationLandscapeLeft UIInterfaceOrientationLandscapeRight UIInterfaceOrientationPortrait UIInterfaceOrientationPortraitUpsideDown";
				IPHONEOS_DEPLOYMENT_TARGET = 14.0;
				LD_RUNPATH_SEARCH_PATHS = (
					"$(inherited)",
					"@executable_path/Frameworks",
				);
				MARKETING_VERSION = 1.0;
				PRODUCT_BUNDLE_IDENTIFIER = com.jingii.task1;
				PRODUCT_NAME = "$(TARGET_NAME)";
				SUPPORTED_PLATFORMS = "iphoneos iphonesimulator";
				SUPPORTS_MACCATALYST = NO;
				SUPPORTS_MAC_DESIGNED_FOR_IPHONE_IPAD = NO;
				SWIFT_EMIT_LOC_STRINGS = YES;
				SWIFT_VERSION = 5.0;
				TARGETED_DEVICE_FAMILY = 1;
			};
			name = Release;
		};
/* End XCBuildConfiguration section */

/* Begin XCConfigurationList section */
		505D57082A09156B0047CE1B /* Build configuration list for PBXProject "task1" */ = {
			isa = XCConfigurationList;
			buildConfigurations = (
				505D571F2A09156C0047CE1B /* Debug */,
				505D57202A09156C0047CE1B /* Release */,
			);
			defaultConfigurationIsVisible = 0;
			defaultConfigurationName = Release;
		};
		505D57212A09156C0047CE1B /* Build configuration list for PBXNativeTarget "task1" */ = {
			isa = XCConfigurationList;
			buildConfigurations = (
				505D57222A09156C0047CE1B /* Debug */,
				505D57232A09156C0047CE1B /* Release */,
			);
			defaultConfigurationIsVisible = 0;
			defaultConfigurationName = Release;
		};
/* End XCConfigurationList section */
	};
	rootObject = 505D57052A09156B0047CE1B /* Project object */;
}
